
Microsoft Visual Studio Solution File, Format Version 12.00
# Visual Studio Version 16
VisualStudioVersion = 25.0.1706.7
MinimumVisualStudioVersion = 10.0.40219.1
Project("{FAE04EC0-301F-11D3-BF4B-00C04F79EFBC}") = "Weekend Challange ChatGPT", "Weekend Challange ChatGPT\Weekend Challange ChatGPT.csproj", "{42813E89-95FD-4B9A-BC55-7D429A53A787}"
EndProject
Global
	GlobalSection(SolutionConfigurationPlatforms) = preSolution
		Debug|Any CPU = Debug|Any CPU
		Release|Any CPU = Release|Any CPU
	EndGlobalSection
	GlobalSection(ProjectConfigurationPlatforms) = postSolution
		{42813E89-95FD-4B9A-BC55-7D429A53A787}.Debug|Any CPU.ActiveCfg = Debug|Any CPU
		{42813E89-95FD-4B9A-BC55-7D429A53A787}.Debug|Any CPU.Build.0 = Debug|Any CPU
		{42813E89-95FD-4B9A-BC55-7D429A53A787}.Release|Any CPU.ActiveCfg = Release|Any CPU
		{42813E89-95FD-4B9A-BC55-7D429A53A787}.Release|Any CPU.Build.0 = Release|Any CPU
	EndGlobalSection
	GlobalSection(SolutionProperties) = preSolution
		HideSolutionNode = FALSE
	EndGlobalSection
	GlobalSection(ExtensibilityGlobals) = postSolution
		SolutionGuid = {AF8BFFA6-F742-4E70-8516-E68ED6F0F45D}
	EndGlobalSection
EndGlobal
